
Microsoft Visual Studio Solution File, Format Version 12.00
# Visual Studio 15
Project("{FAE04EC0-301F-11D3-BF4B-00C04F79EFBC}") = "tzfeGameEngine", "tzfeGameEngine\tzfeGameEngine.csproj", "{74F66B69-DD67-43FB-9C0D-DB449789C067}"
EndProject
Global
	GlobalSection(SolutionConfigurationPlatforms) = preSolution
		Debug|Any CPU = Debug|Any CPU
		Release|Any CPU = Release|Any CPU
	EndGlobalSection
	GlobalSection(ProjectConfigurationPlatforms) = postSolution
		{74F66B69-DD67-43FB-9C0D-DB449789C067}.Debug|Any CPU.ActiveCfg = Debug|Any CPU
		{74F66B69-DD67-43FB-9C0D-DB449789C067}.Debug|Any CPU.Build.0 = Debug|Any CPU
		{74F66B69-DD67-43FB-9C0D-DB449789C067}.Release|Any CPU.ActiveCfg = Release|Any CPU
		{74F66B69-DD67-43FB-9C0D-DB449789C067}.Release|Any CPU.Build.0 = Release|Any CPU
	EndGlobalSection
EndGlobal
