
Microsoft Visual Studio Solution File, Format Version 12.00
# Visual Studio 15
Project("{FAE04EC0-301F-11D3-BF4B-00C04F79EFBC}") = "tzfeTester", "tzfeTester.csproj", "{CB2F1C1D-5534-40B3-AA4F-C371AD283855}"
EndProject
Project("{FAE04EC0-301F-11D3-BF4B-00C04F79EFBC}") = "tzfeGameEngine", "..\..\tzfeGameEngine\tzfeGameEngine.csproj", "{3F1C3E44-6771-4F5A-819D-22187B300927}"
EndProject
Global
	GlobalSection(SolutionConfigurationPlatforms) = preSolution
		Debug|Any CPU = Debug|Any CPU
		Release|Any CPU = Release|Any CPU
	EndGlobalSection
	GlobalSection(ProjectConfigurationPlatforms) = postSolution
		{CB2F1C1D-5534-40B3-AA4F-C371AD283855}.Debug|Any CPU.ActiveCfg = Debug|Any CPU
		{CB2F1C1D-5534-40B3-AA4F-C371AD283855}.Debug|Any CPU.Build.0 = Debug|Any CPU
		{CB2F1C1D-5534-40B3-AA4F-C371AD283855}.Release|Any CPU.ActiveCfg = Release|Any CPU
		{CB2F1C1D-5534-40B3-AA4F-C371AD283855}.Release|Any CPU.Build.0 = Release|Any CPU
		{3F1C3E44-6771-4F5A-819D-22187B300927}.Debug|Any CPU.ActiveCfg = Debug|Any CPU
		{3F1C3E44-6771-4F5A-819D-22187B300927}.Debug|Any CPU.Build.0 = Debug|Any CPU
		{3F1C3E44-6771-4F5A-819D-22187B300927}.Release|Any CPU.ActiveCfg = Release|Any CPU
		{3F1C3E44-6771-4F5A-819D-22187B300927}.Release|Any CPU.Build.0 = Release|Any CPU
	EndGlobalSection
	GlobalSection(MonoDevelopProperties) = preSolution
		Policies = $0
		$0.DotNetNamingPolicy = $1
		$1.DirectoryNamespaceAssociation = PrefixedHierarchical
		$0.TextStylePolicy = $2
		$2.inheritsSet = null
		$2.scope = text/x-csharp
		$0.CSharpFormattingPolicy = $3
		$3.scope = text/x-csharp
		$0.VersionControlPolicy = $4
	EndGlobalSection
EndGlobal
